
Microsoft Visual Studio Solution File, Format Version 12.00
# Visual Studio Version 16
VisualStudioVersion = 16.0.31702.278
MinimumVisualStudioVersion = 10.0.40219.1
Project("{FAE04EC0-301F-11D3-BF4B-00C04F79EFBC}") = "Lab15WpfApp", "Lab15WpfApp\Lab15WpfApp.csproj", "{E8CD56DE-4C45-44EB-BB3F-D66184DD9DDE}"
EndProject
Global
	GlobalSection(SolutionConfigurationPlatforms) = preSolution
		Debug|Any CPU = Debug|Any CPU
		Release|Any CPU = Release|Any CPU
	EndGlobalSection
	GlobalSection(ProjectConfigurationPlatforms) = postSolution
		{E8CD56DE-4C45-44EB-BB3F-D66184DD9DDE}.Debug|Any CPU.ActiveCfg = Debug|Any CPU
		{E8CD56DE-4C45-44EB-BB3F-D66184DD9DDE}.Debug|Any CPU.Build.0 = Debug|Any CPU
		{E8CD56DE-4C45-44EB-BB3F-D66184DD9DDE}.Release|Any CPU.ActiveCfg = Release|Any CPU
		{E8CD56DE-4C45-44EB-BB3F-D66184DD9DDE}.Release|Any CPU.Build.0 = Release|Any CPU
	EndGlobalSection
	GlobalSection(SolutionProperties) = preSolution
		HideSolutionNode = FALSE
	EndGlobalSection
	GlobalSection(ExtensibilityGlobals) = postSolution
		SolutionGuid = {72B8704A-8312-4618-A6FC-E9528B85F700}
	EndGlobalSection
EndGlobal
